{
  "name": "@mlabs-haskell/cardano-serialization-lib-gc",
  "version": "1.0.10",
  "lockfileVersion": 3,
  "requires": true,
  "packages": {
    "": {
      "name": "@mlabs-haskell/cardano-serialization-lib-gc",
      "version": "1.0.10",
      "license": "ISC",
      "dependencies": {
        "@emurgo/cardano-serialization-lib-browser": "^12.0.0-alpha.30",
        "@emurgo/cardano-serialization-lib-nodejs": "^12.0.0-alpha.30",
        "@mlabs-haskell/csl-gc-wrapper": "^1.0.2"
      }
    },
    "node_modules/@emurgo/cardano-serialization-lib-browser": {
      "version": "12.0.0-alpha.30",
      "resolved": "https://registry.npmjs.org/@emurgo/cardano-serialization-lib-browser/-/cardano-serialization-lib-browser-12.0.0-alpha.30.tgz",
      "integrity": "sha512-QFqTTTPXMnUlNnjkQasgZjTdBQeUA4Gch3Gn+6EcLV82Cg92YP1+ShEMmughKNdtCbgqZ8gEzSb5iXPeEiCAaA=="
    },
    "node_modules/@emurgo/cardano-serialization-lib-nodejs": {
      "version": "12.0.0-alpha.30",
      "resolved": "https://registry.npmjs.org/@emurgo/cardano-serialization-lib-nodejs/-/cardano-serialization-lib-nodejs-12.0.0-alpha.30.tgz",
      "integrity": "sha512-ZJW9+H4tK7SpJhdxGJqT3xo0n2Yk8vI3aoWln7E/Dp8FDxvSZtPM+tLUnqQdqodyd7d5OXpiIZ64/5xFpbFTWQ=="
    },
    "node_modules/@mlabs-haskell/csl-gc-wrapper": {
      "version": "1.0.2",
      "resolved": "https://registry.npmjs.org/@mlabs-haskell/csl-gc-wrapper/-/csl-gc-wrapper-1.0.2.tgz",
      "integrity": "sha512-jyASltvC/ZVzpMUgbIkIaCLc56uGqymCPnieLkgIMWPhzcRoAxEfshjYONyxPY5XIl0NdIQXjbppXFoPQMk0VQ=="
    }
  }
}
