{
  "name": "@mlabs-haskell/cardano-serialization-lib-gc",
  "version": "1.0.8",
  "lockfileVersion": 3,
  "requires": true,
  "packages": {
    "": {
      "name": "@mlabs-haskell/cardano-serialization-lib-gc",
      "version": "1.0.8",
      "license": "ISC",
      "dependencies": {
        "@emurgo/cardano-serialization-lib-browser": "^12.0.0-alpha",
        "@emurgo/cardano-serialization-lib-nodejs": "^12.0.0-alpha",
        "@mlabs-haskell/csl-gc-wrapper": "^1.0.1"
      }
    },
    "node_modules/@emurgo/cardano-serialization-lib-browser": {
      "version": "12.0.0-alpha.29",
      "resolved": "https://registry.npmjs.org/@emurgo/cardano-serialization-lib-browser/-/cardano-serialization-lib-browser-12.0.0-alpha.29.tgz",
      "integrity": "sha512-f+AM+bkVNkah6SXL8Col7bNpF1QQa6uKspbw34oovW29ShLPMgiaSdbqueywtYYWRLr0Pa+2JEHZ6gysnNA5hw=="
    },
    "node_modules/@emurgo/cardano-serialization-lib-nodejs": {
      "version": "12.0.0-alpha.29",
      "resolved": "https://registry.npmjs.org/@emurgo/cardano-serialization-lib-nodejs/-/cardano-serialization-lib-nodejs-12.0.0-alpha.29.tgz",
      "integrity": "sha512-60o0VV4KwNcX2qXduzkl46/DZSSJpKLCSyR03CgwFXoL0iIf3D40A+gotjpGRELoI3OoqzEh+Ywc247yl0Gwzg=="
    },
    "node_modules/@mlabs-haskell/csl-gc-wrapper": {
      "version": "1.0.2",
      "resolved": "https://registry.npmjs.org/@mlabs-haskell/csl-gc-wrapper/-/csl-gc-wrapper-1.0.2.tgz",
      "integrity": "sha512-jyASltvC/ZVzpMUgbIkIaCLc56uGqymCPnieLkgIMWPhzcRoAxEfshjYONyxPY5XIl0NdIQXjbppXFoPQMk0VQ=="
    }
  }
}
