{
  "name": "@mlabs-haskell/cardano-serialization-lib-gc",
  "version": "12.0.0",
  "lockfileVersion": 3,
  "requires": true,
  "packages": {
    "": {
      "name": "@mlabs-haskell/cardano-serialization-lib-gc",
      "version": "12.0.0",
      "license": "ISC",
      "dependencies": {
        "@emurgo/cardano-serialization-lib-browser": "12.0.0",
        "@emurgo/cardano-serialization-lib-nodejs": "12.0.0",
        "@mlabs-haskell/csl-gc-wrapper": "^1.0.2"
      }
    },
    "node_modules/@emurgo/cardano-serialization-lib-browser": {
      "version": "12.0.0",
      "resolved": "https://registry.npmjs.org/@emurgo/cardano-serialization-lib-browser/-/cardano-serialization-lib-browser-12.0.0.tgz",
      "integrity": "sha512-sAVjtaSwujQ3WaJY7OnsOt9mGbMF6YVFg/D4SWLr666zo3ESmislH0FLD932yFTOSJtOQV1oF+Pk8Ee2lR7X5A=="
    },
    "node_modules/@emurgo/cardano-serialization-lib-nodejs": {
      "version": "12.0.0",
      "resolved": "https://registry.npmjs.org/@emurgo/cardano-serialization-lib-nodejs/-/cardano-serialization-lib-nodejs-12.0.0.tgz",
      "integrity": "sha512-r7ZFYMr1N/i2GbhPAmz7JjKhfjEu7q8sa5beX2rLoV+xTkKGfknCTOsVvT0LqgKOUXAzcSQhNNHUKFd27+sLiw=="
    },
    "node_modules/@mlabs-haskell/csl-gc-wrapper": {
      "version": "1.0.2",
      "resolved": "https://registry.npmjs.org/@mlabs-haskell/csl-gc-wrapper/-/csl-gc-wrapper-1.0.2.tgz",
      "integrity": "sha512-jyASltvC/ZVzpMUgbIkIaCLc56uGqymCPnieLkgIMWPhzcRoAxEfshjYONyxPY5XIl0NdIQXjbppXFoPQMk0VQ=="
    }
  }
}
