{
  "name": "@mlabs-haskell/cardano-serialization-lib-gc-nodejs",
  "version": "1.0.0",
  "lockfileVersion": 2,
  "requires": true,
  "packages": {
    "": {
      "name": "@mlabs-haskell/cardano-serialization-lib-gc-nodejs",
      "version": "1.0.0",
      "license": "ISC",
      "dependencies": {
        "@emurgo/cardano-serialization-lib-nodejs": "^11.4.0"
      }
    },
    "node_modules/@emurgo/cardano-serialization-lib-nodejs": {
      "version": "11.4.0",
      "resolved": "https://registry.npmjs.org/@emurgo/cardano-serialization-lib-nodejs/-/cardano-serialization-lib-nodejs-11.4.0.tgz",
      "integrity": "sha512-dMiofDcqv+IrAITCgWBZmsMLqwv2xImDsJDSrKiYYG1zRKaL8XfMOxx6S0WEnKVj5/343Q5FFURYcSu3iBRNMQ=="
    }
  },
  "dependencies": {
    "@emurgo/cardano-serialization-lib-nodejs": {
      "version": "11.4.0",
      "resolved": "https://registry.npmjs.org/@emurgo/cardano-serialization-lib-nodejs/-/cardano-serialization-lib-nodejs-11.4.0.tgz",
      "integrity": "sha512-dMiofDcqv+IrAITCgWBZmsMLqwv2xImDsJDSrKiYYG1zRKaL8XfMOxx6S0WEnKVj5/343Q5FFURYcSu3iBRNMQ=="
    }
  }
}
