{
  "name": "@mlabs-haskell/cardano-serialization-lib-gc-nodejs",
  "version": "1.0.4",
  "lockfileVersion": 2,
  "requires": true,
  "packages": {
    "": {
      "name": "@mlabs-haskell/cardano-serialization-lib-gc-nodejs",
      "version": "1.0.4",
      "license": "ISC",
      "dependencies": {
        "@emurgo/cardano-serialization-lib-nodejs": "^11.4.0",
        "@mlabs-haskell/csl-gc-wrapper": "^1.0.1"
      }
    },
    "node_modules/@emurgo/cardano-serialization-lib-nodejs": {
      "version": "11.4.0",
      "resolved": "https://registry.npmjs.org/@emurgo/cardano-serialization-lib-nodejs/-/cardano-serialization-lib-nodejs-11.4.0.tgz",
      "integrity": "sha512-dMiofDcqv+IrAITCgWBZmsMLqwv2xImDsJDSrKiYYG1zRKaL8XfMOxx6S0WEnKVj5/343Q5FFURYcSu3iBRNMQ=="
    },
    "node_modules/@mlabs-haskell/csl-gc-wrapper": {
      "version": "1.0.1",
      "resolved": "https://registry.npmjs.org/@mlabs-haskell/csl-gc-wrapper/-/csl-gc-wrapper-1.0.1.tgz",
      "integrity": "sha512-8pEb4BoQlD5zN+KtOCgtTg62OmLPjMa+DiJvoAzlLcWmp01P3TyJPgbEOtS+xiZpGA+1rRkdyeeLZV3wyw8Xfw=="
    }
  },
  "dependencies": {
    "@emurgo/cardano-serialization-lib-nodejs": {
      "version": "11.4.0",
      "resolved": "https://registry.npmjs.org/@emurgo/cardano-serialization-lib-nodejs/-/cardano-serialization-lib-nodejs-11.4.0.tgz",
      "integrity": "sha512-dMiofDcqv+IrAITCgWBZmsMLqwv2xImDsJDSrKiYYG1zRKaL8XfMOxx6S0WEnKVj5/343Q5FFURYcSu3iBRNMQ=="
    },
    "@mlabs-haskell/csl-gc-wrapper": {
      "version": "1.0.1",
      "resolved": "https://registry.npmjs.org/@mlabs-haskell/csl-gc-wrapper/-/csl-gc-wrapper-1.0.1.tgz",
      "integrity": "sha512-8pEb4BoQlD5zN+KtOCgtTg62OmLPjMa+DiJvoAzlLcWmp01P3TyJPgbEOtS+xiZpGA+1rRkdyeeLZV3wyw8Xfw=="
    }
  }
}
